// !$*UTF8*$!
{
	archiveVersion = 1;
	classes = {
	};
	objectVersion = 46;
	objects = {

/* Begin PBXBuildFile section */
		139859E10805E542D71A2B47 /* Pods_GitHubSpy.framework in Frameworks */ = {isa = PBXBuildFile; fileRef = 3D5A071CAF174F03B939620D /* Pods_GitHubSpy.framework */; };
		340948FB1CB9538D009882BB /* TryCatchFinally.m in Sources */ = {isa = PBXBuildFile; fileRef = 340948FA1CB9538D009882BB /* TryCatchFinally.m */; };
		34BC4D171CB1AD2E0013A028 /* default-avatar.png in Resources */ = {isa = PBXBuildFile; fileRef = 34BC4D161CB1AD2E0013A028 /* default-avatar.png */; };
		34D07C1A1CA5CBCC0056B07C /* AppDelegate.swift in Sources */ = {isa = PBXBuildFile; fileRef = 34D07C191CA5CBCC0056B07C /* AppDelegate.swift */; };
		34D07C1F1CA5CBCC0056B07C /* Main.storyboard in Resources */ = {isa = PBXBuildFile; fileRef = 34D07C1D1CA5CBCC0056B07C /* Main.storyboard */; };
		34D07C221CA5CBCC0056B07C /* GitHubSpy.xcdatamodeld in Sources */ = {isa = PBXBuildFile; fileRef = 34D07C201CA5CBCC0056B07C /* GitHubSpy.xcdatamodeld */; };
		34D07C241CA5CBCC0056B07C /* Assets.xcassets in Resources */ = {isa = PBXBuildFile; fileRef = 34D07C231CA5CBCC0056B07C /* Assets.xcassets */; };
		34D07C271CA5CBCC0056B07C /* LaunchScreen.storyboard in Resources */ = {isa = PBXBuildFile; fileRef = 34D07C251CA5CBCC0056B07C /* LaunchScreen.storyboard */; };
		34D07C3D1CA5CBCC0056B07C /* GitHubSpyUITests.swift in Sources */ = {isa = PBXBuildFile; fileRef = 34D07C3C1CA5CBCC0056B07C /* GitHubSpyUITests.swift */; };
		34D07C681CA5EAFA0056B07C /* AppContext.swift in Sources */ = {isa = PBXBuildFile; fileRef = 34D07C5E1CA5EAFA0056B07C /* AppContext.swift */; };
		34D07C691CA5EAFA0056B07C /* AppContextAwareProtocol.swift in Sources */ = {isa = PBXBuildFile; fileRef = 34D07C5F1CA5EAFA0056B07C /* AppContextAwareProtocol.swift */; };
		34D07C6A1CA5EAFA0056B07C /* NavigationRouter.swift in Sources */ = {isa = PBXBuildFile; fileRef = 34D07C611CA5EAFA0056B07C /* NavigationRouter.swift */; };
		34D07C6B1CA5EAFA0056B07C /* CoreDataStack.swift in Sources */ = {isa = PBXBuildFile; fileRef = 34D07C631CA5EAFA0056B07C /* CoreDataStack.swift */; };
		34D07C6C1CA5EAFA0056B07C /* BaseTableViewController.swift in Sources */ = {isa = PBXBuildFile; fileRef = 34D07C651CA5EAFA0056B07C /* BaseTableViewController.swift */; };
		34D07C6D1CA5EAFA0056B07C /* BaseViewController.swift in Sources */ = {isa = PBXBuildFile; fileRef = 34D07C661CA5EAFA0056B07C /* BaseViewController.swift */; };
		34D07C761CA5EF150056B07C /* FetcherDataSource.swift in Sources */ = {isa = PBXBuildFile; fileRef = 34D07C751CA5EF150056B07C /* FetcherDataSource.swift */; };
		34D07CB81CA60F260056B07C /* TableViewCellPresenter.swift in Sources */ = {isa = PBXBuildFile; fileRef = 34D07CB71CA60F260056B07C /* TableViewCellPresenter.swift */; };
		34D07CBB1CA61ED40056B07C /* Logger.swift in Sources */ = {isa = PBXBuildFile; fileRef = 34D07CBA1CA61ED40056B07C /* Logger.swift */; };
		34D07CC01CA629810056B07C /* RepositoryListTableViewController.swift in Sources */ = {isa = PBXBuildFile; fileRef = 34D07CBF1CA629810056B07C /* RepositoryListTableViewController.swift */; };
		34D07CC21CA629AE0056B07C /* PullRequestListTableViewController.swift in Sources */ = {isa = PBXBuildFile; fileRef = 34D07CC11CA629AE0056B07C /* PullRequestListTableViewController.swift */; };
		34D07CCB1CA635010056B07C /* EntityRepository+CoreDataProperties.swift in Sources */ = {isa = PBXBuildFile; fileRef = 34D07CC51CA635010056B07C /* EntityRepository+CoreDataProperties.swift */; };
		34D07CCC1CA635010056B07C /* EntityRepository.swift in Sources */ = {isa = PBXBuildFile; fileRef = 34D07CC61CA635010056B07C /* EntityRepository.swift */; };
		34D07CCD1CA635010056B07C /* EntityPullRequest+CoreDataProperties.swift in Sources */ = {isa = PBXBuildFile; fileRef = 34D07CC71CA635010056B07C /* EntityPullRequest+CoreDataProperties.swift */; };
		34D07CCE1CA635010056B07C /* EntityPullRequest.swift in Sources */ = {isa = PBXBuildFile; fileRef = 34D07CC81CA635010056B07C /* EntityPullRequest.swift */; };
		34D07CCF1CA635010056B07C /* EntityAuthor+CoreDataProperties.swift in Sources */ = {isa = PBXBuildFile; fileRef = 34D07CC91CA635010056B07C /* EntityAuthor+CoreDataProperties.swift */; };
		34D07CD01CA635010056B07C /* EntityAuthor.swift in Sources */ = {isa = PBXBuildFile; fileRef = 34D07CCA1CA635010056B07C /* EntityAuthor.swift */; };
		34D07CD11CA6396A0056B07C /* Localizable.strings in Resources */ = {isa = PBXBuildFile; fileRef = 34D07CD31CA6396A0056B07C /* Localizable.strings */; };
		34D07CDA1CA63D320056B07C /* PullRequestTableViewCell.swift in Sources */ = {isa = PBXBuildFile; fileRef = 34D07CD91CA63D320056B07C /* PullRequestTableViewCell.swift */; };
		34D07CDC1CA63D550056B07C /* RepositoryTableViewCell.swift in Sources */ = {isa = PBXBuildFile; fileRef = 34D07CDB1CA63D550056B07C /* RepositoryTableViewCell.swift */; };
		34D07CDF1CA6D1690056B07C /* NSManagedObjectExtension.swift in Sources */ = {isa = PBXBuildFile; fileRef = 34D07CDE1CA6D1690056B07C /* NSManagedObjectExtension.swift */; };
		34D07CE31CA6ED4F0056B07C /* AuthorInfoView.swift in Sources */ = {isa = PBXBuildFile; fileRef = 34D07CE21CA6ED4F0056B07C /* AuthorInfoView.swift */; };
		34D07CE51CA6ED9B0056B07C /* AuthorInfoView.xib in Resources */ = {isa = PBXBuildFile; fileRef = 34D07CE41CA6ED9B0056B07C /* AuthorInfoView.xib */; };
		34D07CE81CA724300056B07C /* ViewComponent.swift in Sources */ = {isa = PBXBuildFile; fileRef = 34D07CE71CA724300056B07C /* ViewComponent.swift */; };
		34D07CEE1CA727020056B07C /* NSObjectExtensions.swift in Sources */ = {isa = PBXBuildFile; fileRef = 34D07CED1CA727020056B07C /* NSObjectExtensions.swift */; };
		34D07CF11CA7777B0056B07C /* TableViewBlockDelegate.swift in Sources */ = {isa = PBXBuildFile; fileRef = 34D07CF01CA7777B0056B07C /* TableViewBlockDelegate.swift */; };
		34D07CF41CA77D390056B07C /* Routes.swift in Sources */ = {isa = PBXBuildFile; fileRef = 34D07CF31CA77D390056B07C /* Routes.swift */; };
		34D07CF61CA8727A0056B07C /* ViewControllerManager.swift in Sources */ = {isa = PBXBuildFile; fileRef = 34D07CF51CA8727A0056B07C /* ViewControllerManager.swift */; };
		34D07CF81CA877C60056B07C /* RoutingElement.swift in Sources */ = {isa = PBXBuildFile; fileRef = 34D07CF71CA877C60056B07C /* RoutingElement.swift */; };
		34D07CFB1CA8874B0056B07C /* GitHubApiClient.swift in Sources */ = {isa = PBXBuildFile; fileRef = 34D07CFA1CA8874B0056B07C /* GitHubApiClient.swift */; };
		34D07CFE1CA88F5F0056B07C /* Repository.swift in Sources */ = {isa = PBXBuildFile; fileRef = 34D07CFD1CA88F5F0056B07C /* Repository.swift */; };
		34D07D001CA88F700056B07C /* PullRequest.swift in Sources */ = {isa = PBXBuildFile; fileRef = 34D07CFF1CA88F700056B07C /* PullRequest.swift */; };
		34D07D051CA8D68C0056B07C /* UIImageExtensions.swift in Sources */ = {isa = PBXBuildFile; fileRef = 34D07D041CA8D68C0056B07C /* UIImageExtensions.swift */; };
		34D07D071CA8D9840056B07C /* UIViewControllerImageExtension.swift in Sources */ = {isa = PBXBuildFile; fileRef = 34D07D061CA8D9840056B07C /* UIViewControllerImageExtension.swift */; };
		34D07D0A1CA8E4DD0056B07C /* AuthorInfoViewHorizontal.swift in Sources */ = {isa = PBXBuildFile; fileRef = 34D07D081CA8E4DD0056B07C /* AuthorInfoViewHorizontal.swift */; };
		34D07D0B1CA8E4DD0056B07C /* AuthorInfoViewHorizontal.xib in Resources */ = {isa = PBXBuildFile; fileRef = 34D07D091CA8E4DD0056B07C /* AuthorInfoViewHorizontal.xib */; };
		34D07D0D1CA8EEC10056B07C /* RepositoryListTableViewControllerJsonExtension.swift in Sources */ = {isa = PBXBuildFile; fileRef = 34D07D0C1CA8EEC10056B07C /* RepositoryListTableViewControllerJsonExtension.swift */; };
		34D07D0F1CA8EEE20056B07C /* PullRequestListTableViewControllerJsonExtension.swift in Sources */ = {isa = PBXBuildFile; fileRef = 34D07D0E1CA8EEE20056B07C /* PullRequestListTableViewControllerJsonExtension.swift */; };
		34F805B51CB5874F00289E11 /* BaseTableViewController.swift in Sources */ = {isa = PBXBuildFile; fileRef = 34D07C651CA5EAFA0056B07C /* BaseTableViewController.swift */; };
		34F805C51CB58D9600289E11 /* AppContextAwareProtocol.swift in Sources */ = {isa = PBXBuildFile; fileRef = 34D07C5F1CA5EAFA0056B07C /* AppContextAwareProtocol.swift */; };
		34F805C61CB58D9600289E11 /* AppContext.swift in Sources */ = {isa = PBXBuildFile; fileRef = 34D07C5E1CA5EAFA0056B07C /* AppContext.swift */; };
		34F805C71CB58D9600289E11 /* EntitySyncHistory+CoreDataProperties.swift in Sources */ = {isa = PBXBuildFile; fileRef = BBAFFB6A1CAC5156003B5EDE /* EntitySyncHistory+CoreDataProperties.swift */; };
		34F805C81CB58D9600289E11 /* EntitySyncHistory.swift in Sources */ = {isa = PBXBuildFile; fileRef = BBAFFB6B1CAC5156003B5EDE /* EntitySyncHistory.swift */; };
		34F805C91CB58D9600289E11 /* EntityBaseSyncRules+CoreDataProperties.swift in Sources */ = {isa = PBXBuildFile; fileRef = BBAFFB641CAC5156003B5EDE /* EntityBaseSyncRules+CoreDataProperties.swift */; };
		34F805CA1CB58D9600289E11 /* EntityBaseSyncRules.swift in Sources */ = {isa = PBXBuildFile; fileRef = BBAFFB651CAC5156003B5EDE /* EntityBaseSyncRules.swift */; };
		34F805CB1CB58D9600289E11 /* EntityDailySyncRule+CoreDataProperties.swift in Sources */ = {isa = PBXBuildFile; fileRef = BBAFFB661CAC5156003B5EDE /* EntityDailySyncRule+CoreDataProperties.swift */; };
		34F805CC1CB58D9600289E11 /* EntityDailySyncRule.swift in Sources */ = {isa = PBXBuildFile; fileRef = BBAFFB671CAC5156003B5EDE /* EntityDailySyncRule.swift */; };
		34F805CD1CB58D9600289E11 /* EntityHourlySyncRule+CoreDataProperties.swift in Sources */ = {isa = PBXBuildFile; fileRef = BBAFFB681CAC5156003B5EDE /* EntityHourlySyncRule+CoreDataProperties.swift */; };
		34F805CE1CB58D9600289E11 /* EntityHourlySyncRule.swift in Sources */ = {isa = PBXBuildFile; fileRef = BBAFFB691CAC5156003B5EDE /* EntityHourlySyncRule.swift */; };
		34F805CF1CB58D9600289E11 /* DataSyncRules.xcdatamodeld in Sources */ = {isa = PBXBuildFile; fileRef = BBAFFB4B1CAC39B9003B5EDE /* DataSyncRules.xcdatamodeld */; };
		34F805D01CB58D9600289E11 /* DataSyncRules.swift in Sources */ = {isa = PBXBuildFile; fileRef = BBAFFB4E1CAC39DA003B5EDE /* DataSyncRules.swift */; };
		34F805D11CB58D9600289E11 /* RoutingElement.swift in Sources */ = {isa = PBXBuildFile; fileRef = 34D07CF71CA877C60056B07C /* RoutingElement.swift */; };
		34F805D21CB58D9600289E11 /* NavigationRouter.swift in Sources */ = {isa = PBXBuildFile; fileRef = 34D07C611CA5EAFA0056B07C /* NavigationRouter.swift */; };
		34F805D31CB58D9600289E11 /* NSObjectExtensions.swift in Sources */ = {isa = PBXBuildFile; fileRef = 34D07CED1CA727020056B07C /* NSObjectExtensions.swift */; };
		34F805D41CB58D9600289E11 /* UIImageExtensions.swift in Sources */ = {isa = PBXBuildFile; fileRef = 34D07D041CA8D68C0056B07C /* UIImageExtensions.swift */; };
		34F805D51CB58D9600289E11 /* UIViewControllerImageExtension.swift in Sources */ = {isa = PBXBuildFile; fileRef = 34D07D061CA8D9840056B07C /* UIViewControllerImageExtension.swift */; };
		34F805D61CB58D9600289E11 /* Logger.swift in Sources */ = {isa = PBXBuildFile; fileRef = 34D07CBA1CA61ED40056B07C /* Logger.swift */; };
		34F805D71CB58D9600289E11 /* CoreDataStack.swift in Sources */ = {isa = PBXBuildFile; fileRef = 34D07C631CA5EAFA0056B07C /* CoreDataStack.swift */; };
		34F805D81CB58D9600289E11 /* FetcherDataSource.swift in Sources */ = {isa = PBXBuildFile; fileRef = 34D07C751CA5EF150056B07C /* FetcherDataSource.swift */; };
		34F805D91CB58D9600289E11 /* TableViewCellPresenter.swift in Sources */ = {isa = PBXBuildFile; fileRef = 34D07CB71CA60F260056B07C /* TableViewCellPresenter.swift */; };
		34F805DA1CB58D9600289E11 /* TableViewBlockDelegate.swift in Sources */ = {isa = PBXBuildFile; fileRef = 34D07CF01CA7777B0056B07C /* TableViewBlockDelegate.swift */; };
		34F805DB1CB58D9600289E11 /* ViewComponent.swift in Sources */ = {isa = PBXBuildFile; fileRef = 34D07CE71CA724300056B07C /* ViewComponent.swift */; };
		34F805DC1CB58D9600289E11 /* BaseDataBasedViewController.swift in Sources */ = {isa = PBXBuildFile; fileRef = BBAFFB331CAC1F64003B5EDE /* BaseDataBasedViewController.swift */; };
		34F805DD1CB58D9600289E11 /* BaseViewController.swift in Sources */ = {isa = PBXBuildFile; fileRef = 34D07C661CA5EAFA0056B07C /* BaseViewController.swift */; };
		BBAFFB341CAC1F64003B5EDE /* BaseDataBasedViewController.swift in Sources */ = {isa = PBXBuildFile; fileRef = BBAFFB331CAC1F64003B5EDE /* BaseDataBasedViewController.swift */; };
		BBAFFB4D1CAC39B9003B5EDE /* DataSyncRules.xcdatamodeld in Sources */ = {isa = PBXBuildFile; fileRef = BBAFFB4B1CAC39B9003B5EDE /* DataSyncRules.xcdatamodeld */; };
		BBAFFB4F1CAC39DA003B5EDE /* DataSyncRules.swift in Sources */ = {isa = PBXBuildFile; fileRef = BBAFFB4E1CAC39DA003B5EDE /* DataSyncRules.swift */; };
		BBAFFB6C1CAC5156003B5EDE /* EntityBaseSyncRules+CoreDataProperties.swift in Sources */ = {isa = PBXBuildFile; fileRef = BBAFFB641CAC5156003B5EDE /* EntityBaseSyncRules+CoreDataProperties.swift */; };
		BBAFFB6D1CAC5156003B5EDE /* EntityBaseSyncRules.swift in Sources */ = {isa = PBXBuildFile; fileRef = BBAFFB651CAC5156003B5EDE /* EntityBaseSyncRules.swift */; };
		BBAFFB6E1CAC5156003B5EDE /* EntityDailySyncRule+CoreDataProperties.swift in Sources */ = {isa = PBXBuildFile; fileRef = BBAFFB661CAC5156003B5EDE /* EntityDailySyncRule+CoreDataProperties.swift */; };
		BBAFFB6F1CAC5156003B5EDE /* EntityDailySyncRule.swift in Sources */ = {isa = PBXBuildFile; fileRef = BBAFFB671CAC5156003B5EDE /* EntityDailySyncRule.swift */; };
		BBAFFB701CAC5156003B5EDE /* EntityHourlySyncRule+CoreDataProperties.swift in Sources */ = {isa = PBXBuildFile; fileRef = BBAFFB681CAC5156003B5EDE /* EntityHourlySyncRule+CoreDataProperties.swift */; };
		BBAFFB711CAC5156003B5EDE /* EntityHourlySyncRule.swift in Sources */ = {isa = PBXBuildFile; fileRef = BBAFFB691CAC5156003B5EDE /* EntityHourlySyncRule.swift */; };
		BBAFFB721CAC5156003B5EDE /* EntitySyncHistory+CoreDataProperties.swift in Sources */ = {isa = PBXBuildFile; fileRef = BBAFFB6A1CAC5156003B5EDE /* EntitySyncHistory+CoreDataProperties.swift */; };
		BBAFFB731CAC5156003B5EDE /* EntitySyncHistory.swift in Sources */ = {isa = PBXBuildFile; fileRef = BBAFFB6B1CAC5156003B5EDE /* EntitySyncHistory.swift */; };
/* End PBXBuildFile section */

/* Begin PBXContainerItemProxy section */
		34D07C2E1CA5CBCC0056B07C /* PBXContainerItemProxy */ = {
			isa = PBXContainerItemProxy;
			containerPortal = 34D07C0E1CA5CBCC0056B07C /* Project object */;
			proxyType = 1;
			remoteGlobalIDString = 34D07C151CA5CBCC0056B07C;
			remoteInfo = GitHubSpy;
		};
		34D07C391CA5CBCC0056B07C /* PBXContainerItemProxy */ = {
			isa = PBXContainerItemProxy;
			containerPortal = 34D07C0E1CA5CBCC0056B07C /* Project object */;
			proxyType = 1;
			remoteGlobalIDString = 34D07C151CA5CBCC0056B07C;
			remoteInfo = GitHubSpy;
		};
/* End PBXContainerItemProxy section */

/* Begin PBXFileReference section */
		340948F91CB9538D009882BB /* TryCatchFinally.h */ = {isa = PBXFileReference; fileEncoding = 4; lastKnownFileType = sourcecode.c.h; path = TryCatchFinally.h; sourceTree = "<group>"; };
		340948FA1CB9538D009882BB /* TryCatchFinally.m */ = {isa = PBXFileReference; fileEncoding = 4; lastKnownFileType = sourcecode.c.objc; path = TryCatchFinally.m; sourceTree = "<group>"; };
		3409490F1CB9CB40009882BB /* GitHubSpyTests-Bridging-Header.h */ = {isa = PBXFileReference; lastKnownFileType = sourcecode.c.h; path = "GitHubSpyTests-Bridging-Header.h"; sourceTree = "<group>"; };
		34BC4D161CB1AD2E0013A028 /* default-avatar.png */ = {isa = PBXFileReference; lastKnownFileType = image.png; path = "default-avatar.png"; sourceTree = "<group>"; };
		34D07C161CA5CBCC0056B07C /* GitHubSpy.app */ = {isa = PBXFileReference; explicitFileType = wrapper.application; includeInIndex = 0; path = GitHubSpy.app; sourceTree = BUILT_PRODUCTS_DIR; };
		34D07C191CA5CBCC0056B07C /* AppDelegate.swift */ = {isa = PBXFileReference; lastKnownFileType = sourcecode.swift; path = AppDelegate.swift; sourceTree = "<group>"; };
		34D07C1E1CA5CBCC0056B07C /* Base */ = {isa = PBXFileReference; lastKnownFileType = file.storyboard; name = Base; path = Base.lproj/Main.storyboard; sourceTree = "<group>"; };
		34D07C211CA5CBCC0056B07C /* GitHubSpy.xcdatamodel */ = {isa = PBXFileReference; lastKnownFileType = wrapper.xcdatamodel; path = GitHubSpy.xcdatamodel; sourceTree = "<group>"; };
		34D07C231CA5CBCC0056B07C /* Assets.xcassets */ = {isa = PBXFileReference; lastKnownFileType = folder.assetcatalog; path = Assets.xcassets; sourceTree = "<group>"; };
		34D07C261CA5CBCC0056B07C /* Base */ = {isa = PBXFileReference; lastKnownFileType = file.storyboard; name = Base; path = Base.lproj/LaunchScreen.storyboard; sourceTree = "<group>"; };
		34D07C281CA5CBCC0056B07C /* Info.plist */ = {isa = PBXFileReference; lastKnownFileType = text.plist.xml; path = Info.plist; sourceTree = "<group>"; };
		34D07C2D1CA5CBCC0056B07C /* GitHubSpyTests.xctest */ = {isa = PBXFileReference; explicitFileType = wrapper.cfbundle; includeInIndex = 0; path = GitHubSpyTests.xctest; sourceTree = BUILT_PRODUCTS_DIR; };
		34D07C331CA5CBCC0056B07C /* Info.plist */ = {isa = PBXFileReference; lastKnownFileType = text.plist.xml; path = Info.plist; sourceTree = "<group>"; };
		34D07C381CA5CBCC0056B07C /* GitHubSpyUITests.xctest */ = {isa = PBXFileReference; explicitFileType = wrapper.cfbundle; includeInIndex = 0; path = GitHubSpyUITests.xctest; sourceTree = BUILT_PRODUCTS_DIR; };
		34D07C3C1CA5CBCC0056B07C /* GitHubSpyUITests.swift */ = {isa = PBXFileReference; lastKnownFileType = sourcecode.swift; path = GitHubSpyUITests.swift; sourceTree = "<group>"; };
		34D07C3E1CA5CBCC0056B07C /* Info.plist */ = {isa = PBXFileReference; lastKnownFileType = text.plist.xml; path = Info.plist; sourceTree = "<group>"; };
		34D07C5E1CA5EAFA0056B07C /* AppContext.swift */ = {isa = PBXFileReference; fileEncoding = 4; lastKnownFileType = sourcecode.swift; path = AppContext.swift; sourceTree = "<group>"; };
		34D07C5F1CA5EAFA0056B07C /* AppContextAwareProtocol.swift */ = {isa = PBXFileReference; fileEncoding = 4; lastKnownFileType = sourcecode.swift; path = AppContextAwareProtocol.swift; sourceTree = "<group>"; };
		34D07C611CA5EAFA0056B07C /* NavigationRouter.swift */ = {isa = PBXFileReference; fileEncoding = 4; lastKnownFileType = sourcecode.swift; path = NavigationRouter.swift; sourceTree = "<group>"; };
		34D07C631CA5EAFA0056B07C /* CoreDataStack.swift */ = {isa = PBXFileReference; fileEncoding = 4; lastKnownFileType = sourcecode.swift; path = CoreDataStack.swift; sourceTree = "<group>"; };
		34D07C651CA5EAFA0056B07C /* BaseTableViewController.swift */ = {isa = PBXFileReference; fileEncoding = 4; lastKnownFileType = sourcecode.swift; path = BaseTableViewController.swift; sourceTree = "<group>"; };
		34D07C661CA5EAFA0056B07C /* BaseViewController.swift */ = {isa = PBXFileReference; fileEncoding = 4; lastKnownFileType = sourcecode.swift; path = BaseViewController.swift; sourceTree = "<group>"; };
		34D07C751CA5EF150056B07C /* FetcherDataSource.swift */ = {isa = PBXFileReference; fileEncoding = 4; lastKnownFileType = sourcecode.swift; path = FetcherDataSource.swift; sourceTree = "<group>"; };
		34D07CB71CA60F260056B07C /* TableViewCellPresenter.swift */ = {isa = PBXFileReference; fileEncoding = 4; lastKnownFileType = sourcecode.swift; path = TableViewCellPresenter.swift; sourceTree = "<group>"; };
		34D07CBA1CA61ED40056B07C /* Logger.swift */ = {isa = PBXFileReference; fileEncoding = 4; lastKnownFileType = sourcecode.swift; path = Logger.swift; sourceTree = "<group>"; };
		34D07CBF1CA629810056B07C /* RepositoryListTableViewController.swift */ = {isa = PBXFileReference; fileEncoding = 4; lastKnownFileType = sourcecode.swift; path = RepositoryListTableViewController.swift; sourceTree = "<group>"; };
		34D07CC11CA629AE0056B07C /* PullRequestListTableViewController.swift */ = {isa = PBXFileReference; fileEncoding = 4; lastKnownFileType = sourcecode.swift; path = PullRequestListTableViewController.swift; sourceTree = "<group>"; };
		34D07CC51CA635010056B07C /* EntityRepository+CoreDataProperties.swift */ = {isa = PBXFileReference; fileEncoding = 4; lastKnownFileType = sourcecode.swift; path = "EntityRepository+CoreDataProperties.swift"; sourceTree = "<group>"; };
		34D07CC61CA635010056B07C /* EntityRepository.swift */ = {isa = PBXFileReference; fileEncoding = 4; lastKnownFileType = sourcecode.swift; path = EntityRepository.swift; sourceTree = "<group>"; };
		34D07CC71CA635010056B07C /* EntityPullRequest+CoreDataProperties.swift */ = {isa = PBXFileReference; fileEncoding = 4; lastKnownFileType = sourcecode.swift; path = "EntityPullRequest+CoreDataProperties.swift"; sourceTree = "<group>"; };
		34D07CC81CA635010056B07C /* EntityPullRequest.swift */ = {isa = PBXFileReference; fileEncoding = 4; lastKnownFileType = sourcecode.swift; path = EntityPullRequest.swift; sourceTree = "<group>"; };
		34D07CC91CA635010056B07C /* EntityAuthor+CoreDataProperties.swift */ = {isa = PBXFileReference; fileEncoding = 4; lastKnownFileType = sourcecode.swift; path = "EntityAuthor+CoreDataProperties.swift"; sourceTree = "<group>"; };
		34D07CCA1CA635010056B07C /* EntityAuthor.swift */ = {isa = PBXFileReference; fileEncoding = 4; lastKnownFileType = sourcecode.swift; path = EntityAuthor.swift; sourceTree = "<group>"; };
		34D07CD21CA6396A0056B07C /* en */ = {isa = PBXFileReference; lastKnownFileType = text.plist.strings; name = en; path = en.lproj/Localizable.strings; sourceTree = "<group>"; };
		34D07CD41CA6397C0056B07C /* pt-BR */ = {isa = PBXFileReference; lastKnownFileType = text.plist.strings; name = "pt-BR"; path = "pt-BR.lproj/Localizable.strings"; sourceTree = "<group>"; };
		34D07CD91CA63D320056B07C /* PullRequestTableViewCell.swift */ = {isa = PBXFileReference; fileEncoding = 4; lastKnownFileType = sourcecode.swift; path = PullRequestTableViewCell.swift; sourceTree = "<group>"; };
		34D07CDB1CA63D550056B07C /* RepositoryTableViewCell.swift */ = {isa = PBXFileReference; fileEncoding = 4; lastKnownFileType = sourcecode.swift; path = RepositoryTableViewCell.swift; sourceTree = "<group>"; };
		34D07CDE1CA6D1690056B07C /* NSManagedObjectExtension.swift */ = {isa = PBXFileReference; fileEncoding = 4; lastKnownFileType = sourcecode.swift; path = NSManagedObjectExtension.swift; sourceTree = "<group>"; };
		34D07CE21CA6ED4F0056B07C /* AuthorInfoView.swift */ = {isa = PBXFileReference; fileEncoding = 4; lastKnownFileType = sourcecode.swift; path = AuthorInfoView.swift; sourceTree = "<group>"; };
		34D07CE41CA6ED9B0056B07C /* AuthorInfoView.xib */ = {isa = PBXFileReference; fileEncoding = 4; lastKnownFileType = file.xib; path = AuthorInfoView.xib; sourceTree = "<group>"; };
		34D07CE71CA724300056B07C /* ViewComponent.swift */ = {isa = PBXFileReference; fileEncoding = 4; lastKnownFileType = sourcecode.swift; path = ViewComponent.swift; sourceTree = "<group>"; };
		34D07CED1CA727020056B07C /* NSObjectExtensions.swift */ = {isa = PBXFileReference; fileEncoding = 4; lastKnownFileType = sourcecode.swift; path = NSObjectExtensions.swift; sourceTree = "<group>"; };
		34D07CF01CA7777B0056B07C /* TableViewBlockDelegate.swift */ = {isa = PBXFileReference; fileEncoding = 4; lastKnownFileType = sourcecode.swift; path = TableViewBlockDelegate.swift; sourceTree = "<group>"; };
		34D07CF31CA77D390056B07C /* Routes.swift */ = {isa = PBXFileReference; fileEncoding = 4; lastKnownFileType = sourcecode.swift; path = Routes.swift; sourceTree = "<group>"; };
		34D07CF51CA8727A0056B07C /* ViewControllerManager.swift */ = {isa = PBXFileReference; fileEncoding = 4; lastKnownFileType = sourcecode.swift; path = ViewControllerManager.swift; sourceTree = "<group>"; };
		34D07CF71CA877C60056B07C /* RoutingElement.swift */ = {isa = PBXFileReference; fileEncoding = 4; lastKnownFileType = sourcecode.swift; path = RoutingElement.swift; sourceTree = "<group>"; };
		34D07CFA1CA8874B0056B07C /* GitHubApiClient.swift */ = {isa = PBXFileReference; fileEncoding = 4; lastKnownFileType = sourcecode.swift; path = GitHubApiClient.swift; sourceTree = "<group>"; };
		34D07CFD1CA88F5F0056B07C /* Repository.swift */ = {isa = PBXFileReference; fileEncoding = 4; lastKnownFileType = sourcecode.swift; path = Repository.swift; sourceTree = "<group>"; };
		34D07CFF1CA88F700056B07C /* PullRequest.swift */ = {isa = PBXFileReference; fileEncoding = 4; lastKnownFileType = sourcecode.swift; path = PullRequest.swift; sourceTree = "<group>"; };
		34D07D041CA8D68C0056B07C /* UIImageExtensions.swift */ = {isa = PBXFileReference; fileEncoding = 4; lastKnownFileType = sourcecode.swift; path = UIImageExtensions.swift; sourceTree = "<group>"; };
		34D07D061CA8D9840056B07C /* UIViewControllerImageExtension.swift */ = {isa = PBXFileReference; fileEncoding = 4; lastKnownFileType = sourcecode.swift; path = UIViewControllerImageExtension.swift; sourceTree = "<group>"; };
		34D07D081CA8E4DD0056B07C /* AuthorInfoViewHorizontal.swift */ = {isa = PBXFileReference; fileEncoding = 4; lastKnownFileType = sourcecode.swift; path = AuthorInfoViewHorizontal.swift; sourceTree = "<group>"; };
		34D07D091CA8E4DD0056B07C /* AuthorInfoViewHorizontal.xib */ = {isa = PBXFileReference; fileEncoding = 4; lastKnownFileType = file.xib; path = AuthorInfoViewHorizontal.xib; sourceTree = "<group>"; };
		34D07D0C1CA8EEC10056B07C /* RepositoryListTableViewControllerJsonExtension.swift */ = {isa = PBXFileReference; fileEncoding = 4; lastKnownFileType = sourcecode.swift; path = RepositoryListTableViewControllerJsonExtension.swift; sourceTree = "<group>"; };
		34D07D0E1CA8EEE20056B07C /* PullRequestListTableViewControllerJsonExtension.swift */ = {isa = PBXFileReference; fileEncoding = 4; lastKnownFileType = sourcecode.swift; path = PullRequestListTableViewControllerJsonExtension.swift; sourceTree = "<group>"; };
		34F805E41CB5B5B500289E11 /* GitHubSpy-Bridging-Header.h */ = {isa = PBXFileReference; lastKnownFileType = sourcecode.c.h; path = "GitHubSpy-Bridging-Header.h"; sourceTree = "<group>"; };
		3D5A071CAF174F03B939620D /* Pods_GitHubSpy.framework */ = {isa = PBXFileReference; explicitFileType = wrapper.framework; includeInIndex = 0; path = Pods_GitHubSpy.framework; sourceTree = BUILT_PRODUCTS_DIR; };
		5D8CFB9BC8B40BFFC3249912 /* Pods-GitHubSpy.debug.xcconfig */ = {isa = PBXFileReference; includeInIndex = 1; lastKnownFileType = text.xcconfig; name = "Pods-GitHubSpy.debug.xcconfig"; path = "Pods/Target Support Files/Pods-GitHubSpy/Pods-GitHubSpy.debug.xcconfig"; sourceTree = "<group>"; };
		A4206F7B4AE948490299D761 /* Pods-GitHubSpy.release.xcconfig */ = {isa = PBXFileReference; includeInIndex = 1; lastKnownFileType = text.xcconfig; name = "Pods-GitHubSpy.release.xcconfig"; path = "Pods/Target Support Files/Pods-GitHubSpy/Pods-GitHubSpy.release.xcconfig"; sourceTree = "<group>"; };
		BBAFFB331CAC1F64003B5EDE /* BaseDataBasedViewController.swift */ = {isa = PBXFileReference; fileEncoding = 4; lastKnownFileType = sourcecode.swift; path = BaseDataBasedViewController.swift; sourceTree = "<group>"; };
		BBAFFB4C1CAC39B9003B5EDE /* DataSyncRules.xcdatamodel */ = {isa = PBXFileReference; lastKnownFileType = wrapper.xcdatamodel; path = DataSyncRules.xcdatamodel; sourceTree = "<group>"; };
		BBAFFB4E1CAC39DA003B5EDE /* DataSyncRules.swift */ = {isa = PBXFileReference; fileEncoding = 4; lastKnownFileType = sourcecode.swift; path = DataSyncRules.swift; sourceTree = "<group>"; };
		BBAFFB641CAC5156003B5EDE /* EntityBaseSyncRules+CoreDataProperties.swift */ = {isa = PBXFileReference; fileEncoding = 4; lastKnownFileType = sourcecode.swift; path = "EntityBaseSyncRules+CoreDataProperties.swift"; sourceTree = "<group>"; };
		BBAFFB651CAC5156003B5EDE /* EntityBaseSyncRules.swift */ = {isa = PBXFileReference; fileEncoding = 4; lastKnownFileType = sourcecode.swift; path = EntityBaseSyncRules.swift; sourceTree = "<group>"; };
		BBAFFB661CAC5156003B5EDE /* EntityDailySyncRule+CoreDataProperties.swift */ = {isa = PBXFileReference; fileEncoding = 4; lastKnownFileType = sourcecode.swift; path = "EntityDailySyncRule+CoreDataProperties.swift"; sourceTree = "<group>"; };
		BBAFFB671CAC5156003B5EDE /* EntityDailySyncRule.swift */ = {isa = PBXFileReference; fileEncoding = 4; lastKnownFileType = sourcecode.swift; path = EntityDailySyncRule.swift; sourceTree = "<group>"; };
		BBAFFB681CAC5156003B5EDE /* EntityHourlySyncRule+CoreDataProperties.swift */ = {isa = PBXFileReference; fileEncoding = 4; lastKnownFileType = sourcecode.swift; path = "EntityHourlySyncRule+CoreDataProperties.swift"; sourceTree = "<group>"; };
		BBAFFB691CAC5156003B5EDE /* EntityHourlySyncRule.swift */ = {isa = PBXFileReference; fileEncoding = 4; lastKnownFileType = sourcecode.swift; path = EntityHourlySyncRule.swift; sourceTree = "<group>"; };
		BBAFFB6A1CAC5156003B5EDE /* EntitySyncHistory+CoreDataProperties.swift */ = {isa = PBXFileReference; fileEncoding = 4; lastKnownFileType = sourcecode.swift; path = "EntitySyncHistory+CoreDataProperties.swift"; sourceTree = "<group>"; };
		BBAFFB6B1CAC5156003B5EDE /* EntitySyncHistory.swift */ = {isa = PBXFileReference; fileEncoding = 4; lastKnownFileType = sourcecode.swift; path = EntitySyncHistory.swift; sourceTree = "<group>"; };
/* End PBXFileReference section */

/* Begin PBXFrameworksBuildPhase section */
		34D07C131CA5CBCC0056B07C /* Frameworks */ = {
			isa = PBXFrameworksBuildPhase;
			buildActionMask = 2147483647;
			files = (
				139859E10805E542D71A2B47 /* Pods_GitHubSpy.framework in Frameworks */,
			);
			runOnlyForDeploymentPostprocessing = 0;
		};
		34D07C2A1CA5CBCC0056B07C /* Frameworks */ = {
			isa = PBXFrameworksBuildPhase;
			buildActionMask = 2147483647;
			files = (
			);
			runOnlyForDeploymentPostprocessing = 0;
		};
		34D07C351CA5CBCC0056B07C /* Frameworks */ = {
			isa = PBXFrameworksBuildPhase;
			buildActionMask = 2147483647;
			files = (
			);
			runOnlyForDeploymentPostprocessing = 0;
		};
/* End PBXFrameworksBuildPhase section */

/* Begin PBXGroup section */
		340948F81CB950D6009882BB /* Exceptions */ = {
			isa = PBXGroup;
			children = (
				340948F91CB9538D009882BB /* TryCatchFinally.h */,
				340948FA1CB9538D009882BB /* TryCatchFinally.m */,
			);
			path = Exceptions;
			sourceTree = "<group>";
		};
		34BC4D151CB1AD2E0013A028 /* Resources */ = {
			isa = PBXGroup;
			children = (
				34BC4D161CB1AD2E0013A028 /* default-avatar.png */,
			);
			path = Resources;
			sourceTree = "<group>";
		};
		34D07C0D1CA5CBCC0056B07C = {
			isa = PBXGroup;
			children = (
				34D07C181CA5CBCC0056B07C /* GitHubSpy */,
				34D07C301CA5CBCC0056B07C /* GitHubSpyTests */,
				34D07C3B1CA5CBCC0056B07C /* GitHubSpyUITests */,
				34D07C171CA5CBCC0056B07C /* Products */,
				9052BD0CA39C89A99EC4B164 /* Pods */,
				582FAF1603C9F2F2DB69E33B /* Frameworks */,
			);
			sourceTree = "<group>";
		};
		34D07C171CA5CBCC0056B07C /* Products */ = {
			isa = PBXGroup;
			children = (
				34D07C161CA5CBCC0056B07C /* GitHubSpy.app */,
				34D07C2D1CA5CBCC0056B07C /* GitHubSpyTests.xctest */,
				34D07C381CA5CBCC0056B07C /* GitHubSpyUITests.xctest */,
			);
			name = Products;
			sourceTree = "<group>";
		};
		34D07C181CA5CBCC0056B07C /* GitHubSpy */ = {
			isa = PBXGroup;
			children = (
				34D07C5C1CA5EAFA0056B07C /* Foundation */,
				34D07CBC1CA629350056B07C /* ViewControllers */,
				34D07CF21CA77D290056B07C /* Routing */,
				34D07CC31CA634C00056B07C /* Persistence */,
				34D07CD51CA63D0A0056B07C /* ViewComponents */,
				34D07CF91CA8858F0056B07C /* Networking */,
				34D07CFC1CA88E520056B07C /* Model */,
				34D07C191CA5CBCC0056B07C /* AppDelegate.swift */,
				34D07C1D1CA5CBCC0056B07C /* Main.storyboard */,
				34D07C231CA5CBCC0056B07C /* Assets.xcassets */,
				34D07C251CA5CBCC0056B07C /* LaunchScreen.storyboard */,
				34D07C281CA5CBCC0056B07C /* Info.plist */,
				34D07C201CA5CBCC0056B07C /* GitHubSpy.xcdatamodeld */,
				34D07CD31CA6396A0056B07C /* Localizable.strings */,
				34F805E41CB5B5B500289E11 /* GitHubSpy-Bridging-Header.h */,
			);
			path = GitHubSpy;
			sourceTree = "<group>";
		};
		34D07C301CA5CBCC0056B07C /* GitHubSpyTests */ = {
			isa = PBXGroup;
			children = (
				3409490F1CB9CB40009882BB /* GitHubSpyTests-Bridging-Header.h */,
				34F805681CB4683600289E11 /* TestResources */,
				BBAFFB741CAC696C003B5EDE /* Foundation */,
				34BC4D151CB1AD2E0013A028 /* Resources */,
				34D07C331CA5CBCC0056B07C /* Info.plist */,
			);
			path = GitHubSpyTests;
			sourceTree = "<group>";
		};
		34D07C3B1CA5CBCC0056B07C /* GitHubSpyUITests */ = {
			isa = PBXGroup;
			children = (
				34D07C3C1CA5CBCC0056B07C /* GitHubSpyUITests.swift */,
				34D07C3E1CA5CBCC0056B07C /* Info.plist */,
			);
			path = GitHubSpyUITests;
			sourceTree = "<group>";
		};
		34D07C5C1CA5EAFA0056B07C /* Foundation */ = {
			isa = PBXGroup;
			children = (
				34D07C5D1CA5EAFA0056B07C /* Context */,
				BBAFFB351CAC2E9A003B5EDE /* DataSyncRules */,
				34D07C601CA5EAFA0056B07C /* DeepLinkingNavigation */,
				340948F81CB950D6009882BB /* Exceptions */,
				34D07CEC1CA726EE0056B07C /* Extensions */,
				34D07CB91CA61EA70056B07C /* Logging */,
				34D07C621CA5EAFA0056B07C /* Persistence */,
				34D07CB61CA6098F0056B07C /* Presenter */,
				34D07CEF1CA777110056B07C /* TableViewDelegate */,
				34D07CE61CA724150056B07C /* Views */,
				34D07C641CA5EAFA0056B07C /* ViewController */,
			);
			path = Foundation;
			sourceTree = "<group>";
		};
		34D07C5D1CA5EAFA0056B07C /* Context */ = {
			isa = PBXGroup;
			children = (
				34D07C5F1CA5EAFA0056B07C /* AppContextAwareProtocol.swift */,
				34D07C5E1CA5EAFA0056B07C /* AppContext.swift */,
			);
			path = Context;
			sourceTree = "<group>";
		};
		34D07C601CA5EAFA0056B07C /* DeepLinkingNavigation */ = {
			isa = PBXGroup;
			children = (
				34D07CF71CA877C60056B07C /* RoutingElement.swift */,
				34D07C611CA5EAFA0056B07C /* NavigationRouter.swift */,
			);
			path = DeepLinkingNavigation;
			sourceTree = "<group>";
		};
		34D07C621CA5EAFA0056B07C /* Persistence */ = {
			isa = PBXGroup;
			children = (
				34D07C631CA5EAFA0056B07C /* CoreDataStack.swift */,
				34D07C741CA5EEDD0056B07C /* DataSource */,
			);
			path = Persistence;
			sourceTree = "<group>";
		};
		34D07C641CA5EAFA0056B07C /* ViewController */ = {
			isa = PBXGroup;
			children = (
				34D07C651CA5EAFA0056B07C /* BaseTableViewController.swift */,
				BBAFFB331CAC1F64003B5EDE /* BaseDataBasedViewController.swift */,
				34D07C661CA5EAFA0056B07C /* BaseViewController.swift */,
			);
			path = ViewController;
			sourceTree = "<group>";
		};
		34D07C741CA5EEDD0056B07C /* DataSource */ = {
			isa = PBXGroup;
			children = (
				34D07C751CA5EF150056B07C /* FetcherDataSource.swift */,
			);
			path = DataSource;
			sourceTree = "<group>";
		};
		34D07CB61CA6098F0056B07C /* Presenter */ = {
			isa = PBXGroup;
			children = (
				34D07CB71CA60F260056B07C /* TableViewCellPresenter.swift */,
			);
			path = Presenter;
			sourceTree = "<group>";
		};
		34D07CB91CA61EA70056B07C /* Logging */ = {
			isa = PBXGroup;
			children = (
				34D07CBA1CA61ED40056B07C /* Logger.swift */,
			);
			name = Logging;
			path = GitHubSpy/Foundation/Logging;
			sourceTree = SOURCE_ROOT;
		};
		34D07CBC1CA629350056B07C /* ViewControllers */ = {
			isa = PBXGroup;
			children = (
				34D07CF51CA8727A0056B07C /* ViewControllerManager.swift */,
				34D07CBE1CA629350056B07C /* Repositories */,
				34D07CBD1CA629350056B07C /* PullRequests */,
			);
			path = ViewControllers;
			sourceTree = "<group>";
		};
		34D07CBD1CA629350056B07C /* PullRequests */ = {
			isa = PBXGroup;
			children = (
				34D07CC11CA629AE0056B07C /* PullRequestListTableViewController.swift */,
				34D07D0E1CA8EEE20056B07C /* PullRequestListTableViewControllerJsonExtension.swift */,
			);
			path = PullRequests;
			sourceTree = "<group>";
		};
		34D07CBE1CA629350056B07C /* Repositories */ = {
			isa = PBXGroup;
			children = (
				34D07CBF1CA629810056B07C /* RepositoryListTableViewController.swift */,
				34D07D0C1CA8EEC10056B07C /* RepositoryListTableViewControllerJsonExtension.swift */,
			);
			path = Repositories;
			sourceTree = "<group>";
		};
		34D07CC31CA634C00056B07C /* Persistence */ = {
			isa = PBXGroup;
			children = (
				34D07CC41CA634F20056B07C /* Entities */,
				34D07CDD1CA6D1690056B07C /* Extensions */,
			);
			path = Persistence;
			sourceTree = "<group>";
		};
		34D07CC41CA634F20056B07C /* Entities */ = {
			isa = PBXGroup;
			children = (
				34D07CC51CA635010056B07C /* EntityRepository+CoreDataProperties.swift */,
				34D07CC61CA635010056B07C /* EntityRepository.swift */,
				34D07CC71CA635010056B07C /* EntityPullRequest+CoreDataProperties.swift */,
				34D07CC81CA635010056B07C /* EntityPullRequest.swift */,
				34D07CC91CA635010056B07C /* EntityAuthor+CoreDataProperties.swift */,
				34D07CCA1CA635010056B07C /* EntityAuthor.swift */,
			);
			path = Entities;
			sourceTree = "<group>";
		};
		34D07CD51CA63D0A0056B07C /* ViewComponents */ = {
			isa = PBXGroup;
			children = (
				34D07CE01CA6EC0E0056B07C /* Views */,
				34D07CD61CA63D0A0056B07C /* TableViewCells */,
			);
			path = ViewComponents;
			sourceTree = "<group>";
		};
		34D07CD61CA63D0A0056B07C /* TableViewCells */ = {
			isa = PBXGroup;
			children = (
				34D07CD71CA63D0A0056B07C /* PullRequests */,
				34D07CD81CA63D0A0056B07C /* Repositories */,
			);
			path = TableViewCells;
			sourceTree = "<group>";
		};
		34D07CD71CA63D0A0056B07C /* PullRequests */ = {
			isa = PBXGroup;
			children = (
				34D07CD91CA63D320056B07C /* PullRequestTableViewCell.swift */,
			);
			path = PullRequests;
			sourceTree = "<group>";
		};
		34D07CD81CA63D0A0056B07C /* Repositories */ = {
			isa = PBXGroup;
			children = (
				34D07CDB1CA63D550056B07C /* RepositoryTableViewCell.swift */,
			);
			path = Repositories;
			sourceTree = "<group>";
		};
		34D07CDD1CA6D1690056B07C /* Extensions */ = {
			isa = PBXGroup;
			children = (
				34D07CDE1CA6D1690056B07C /* NSManagedObjectExtension.swift */,
			);
			path = Extensions;
			sourceTree = "<group>";
		};
		34D07CE01CA6EC0E0056B07C /* Views */ = {
			isa = PBXGroup;
			children = (
				34D07CE11CA6EC0E0056B07C /* AuthorInfo */,
			);
			path = Views;
			sourceTree = "<group>";
		};
		34D07CE11CA6EC0E0056B07C /* AuthorInfo */ = {
			isa = PBXGroup;
			children = (
				34D07CE21CA6ED4F0056B07C /* AuthorInfoView.swift */,
				34D07CE41CA6ED9B0056B07C /* AuthorInfoView.xib */,
				34D07D081CA8E4DD0056B07C /* AuthorInfoViewHorizontal.swift */,
				34D07D091CA8E4DD0056B07C /* AuthorInfoViewHorizontal.xib */,
			);
			path = AuthorInfo;
			sourceTree = "<group>";
		};
		34D07CE61CA724150056B07C /* Views */ = {
			isa = PBXGroup;
			children = (
				34D07CE71CA724300056B07C /* ViewComponent.swift */,
			);
			path = Views;
			sourceTree = "<group>";
		};
		34D07CEC1CA726EE0056B07C /* Extensions */ = {
			isa = PBXGroup;
			children = (
				34D07CED1CA727020056B07C /* NSObjectExtensions.swift */,
				34D07D041CA8D68C0056B07C /* UIImageExtensions.swift */,
				34D07D061CA8D9840056B07C /* UIViewControllerImageExtension.swift */,
			);
			path = Extensions;
			sourceTree = "<group>";
		};
		34D07CEF1CA777110056B07C /* TableViewDelegate */ = {
			isa = PBXGroup;
			children = (
				34D07CF01CA7777B0056B07C /* TableViewBlockDelegate.swift */,
			);
			path = TableViewDelegate;
			sourceTree = "<group>";
		};
		34D07CF21CA77D290056B07C /* Routing */ = {
			isa = PBXGroup;
			children = (
				34D07CF31CA77D390056B07C /* Routes.swift */,
			);
			path = Routing;
			sourceTree = "<group>";
		};
		34D07CF91CA8858F0056B07C /* Networking */ = {
			isa = PBXGroup;
			children = (
				34D07CFA1CA8874B0056B07C /* GitHubApiClient.swift */,
			);
			path = Networking;
			sourceTree = "<group>";
		};
		34D07CFC1CA88E520056B07C /* Model */ = {
			isa = PBXGroup;
			children = (
				34D07CFD1CA88F5F0056B07C /* Repository.swift */,
				34D07CFF1CA88F700056B07C /* PullRequest.swift */,
			);
			path = Model;
			sourceTree = "<group>";
		};
		34F805681CB4683600289E11 /* TestResources */ = {
			isa = PBXGroup;
			children = (
			);
			path = TestResources;
			sourceTree = "<group>";
		};
		582FAF1603C9F2F2DB69E33B /* Frameworks */ = {
			isa = PBXGroup;
			children = (
				3D5A071CAF174F03B939620D /* Pods_GitHubSpy.framework */,
			);
			name = Frameworks;
			sourceTree = "<group>";
		};
		9052BD0CA39C89A99EC4B164 /* Pods */ = {
			isa = PBXGroup;
			children = (
				5D8CFB9BC8B40BFFC3249912 /* Pods-GitHubSpy.debug.xcconfig */,
				A4206F7B4AE948490299D761 /* Pods-GitHubSpy.release.xcconfig */,
			);
			name = Pods;
			sourceTree = "<group>";
		};
		BBAFFB351CAC2E9A003B5EDE /* DataSyncRules */ = {
			isa = PBXGroup;
			children = (
				BBAFFB391CAC30CF003B5EDE /* Entities */,
				BBAFFB4A1CAC39B9003B5EDE /* Resources */,
				BBAFFB4E1CAC39DA003B5EDE /* DataSyncRules.swift */,
			);
			path = DataSyncRules;
			sourceTree = "<group>";
		};
		BBAFFB391CAC30CF003B5EDE /* Entities */ = {
			isa = PBXGroup;
			children = (
				BBAFFB6A1CAC5156003B5EDE /* EntitySyncHistory+CoreDataProperties.swift */,
				BBAFFB6B1CAC5156003B5EDE /* EntitySyncHistory.swift */,
				BBAFFB641CAC5156003B5EDE /* EntityBaseSyncRules+CoreDataProperties.swift */,
				BBAFFB651CAC5156003B5EDE /* EntityBaseSyncRules.swift */,
				BBAFFB661CAC5156003B5EDE /* EntityDailySyncRule+CoreDataProperties.swift */,
				BBAFFB671CAC5156003B5EDE /* EntityDailySyncRule.swift */,
				BBAFFB681CAC5156003B5EDE /* EntityHourlySyncRule+CoreDataProperties.swift */,
				BBAFFB691CAC5156003B5EDE /* EntityHourlySyncRule.swift */,
			);
			path = Entities;
			sourceTree = "<group>";
		};
		BBAFFB4A1CAC39B9003B5EDE /* Resources */ = {
			isa = PBXGroup;
			children = (
				BBAFFB4B1CAC39B9003B5EDE /* DataSyncRules.xcdatamodeld */,
			);
			path = Resources;
			sourceTree = "<group>";
		};
		BBAFFB741CAC696C003B5EDE /* Foundation */ = {
			isa = PBXGroup;
			children = (
			);
			path = Foundation;
			sourceTree = "<group>";
		};
/* End PBXGroup section */

/* Begin PBXNativeTarget section */
		34D07C151CA5CBCC0056B07C /* GitHubSpy */ = {
			isa = PBXNativeTarget;
			buildConfigurationList = 34D07C411CA5CBCC0056B07C /* Build configuration list for PBXNativeTarget "GitHubSpy" */;
			buildPhases = (
				1CAC0FA98567AFED5C420C58 /* Check Pods Manifest.lock */,
				34D07C121CA5CBCC0056B07C /* Sources */,
				34D07C131CA5CBCC0056B07C /* Frameworks */,
				34D07C141CA5CBCC0056B07C /* Resources */,
				54C41A1E1A8C4E3D41104C60 /* Embed Pods Frameworks */,
				E83578EEBF9951138DB8F014 /* Copy Pods Resources */,
			);
			buildRules = (
			);
			dependencies = (
			);
			name = GitHubSpy;
			productName = GitHubSpy;
			productReference = 34D07C161CA5CBCC0056B07C /* GitHubSpy.app */;
			productType = "com.apple.product-type.application";
		};
		34D07C2C1CA5CBCC0056B07C /* GitHubSpyTests */ = {
			isa = PBXNativeTarget;
			buildConfigurationList = 34D07C441CA5CBCC0056B07C /* Build configuration list for PBXNativeTarget "GitHubSpyTests" */;
			buildPhases = (
				34D07C291CA5CBCC0056B07C /* Sources */,
				34D07C2A1CA5CBCC0056B07C /* Frameworks */,
				34D07C2B1CA5CBCC0056B07C /* Resources */,
			);
			buildRules = (
			);
			dependencies = (
				34D07C2F1CA5CBCC0056B07C /* PBXTargetDependency */,
			);
			name = GitHubSpyTests;
			productName = GitHubSpyTests;
			productReference = 34D07C2D1CA5CBCC0056B07C /* GitHubSpyTests.xctest */;
			productType = "com.apple.product-type.bundle.unit-test";
		};
		34D07C371CA5CBCC0056B07C /* GitHubSpyUITests */ = {
			isa = PBXNativeTarget;
			buildConfigurationList = 34D07C471CA5CBCC0056B07C /* Build configuration list for PBXNativeTarget "GitHubSpyUITests" */;
			buildPhases = (
				34D07C341CA5CBCC0056B07C /* Sources */,
				34D07C351CA5CBCC0056B07C /* Frameworks */,
				34D07C361CA5CBCC0056B07C /* Resources */,
			);
			buildRules = (
			);
			dependencies = (
				34D07C3A1CA5CBCC0056B07C /* PBXTargetDependency */,
			);
			name = GitHubSpyUITests;
			productName = GitHubSpyUITests;
			productReference = 34D07C381CA5CBCC0056B07C /* GitHubSpyUITests.xctest */;
			productType = "com.apple.product-type.bundle.ui-testing";
		};
/* End PBXNativeTarget section */

/* Begin PBXProject section */
		34D07C0E1CA5CBCC0056B07C /* Project object */ = {
			isa = PBXProject;
			attributes = {
				LastSwiftUpdateCheck = 0720;
				LastUpgradeCheck = 0720;
				ORGANIZATIONNAME = com.inacioferrarini.concrete;
				TargetAttributes = {
					34D07C151CA5CBCC0056B07C = {
						CreatedOnToolsVersion = 7.2.1;
					};
					34D07C2C1CA5CBCC0056B07C = {
						CreatedOnToolsVersion = 7.2.1;
						TestTargetID = 34D07C151CA5CBCC0056B07C;
					};
					34D07C371CA5CBCC0056B07C = {
						CreatedOnToolsVersion = 7.2.1;
						TestTargetID = 34D07C151CA5CBCC0056B07C;
					};
				};
			};
			buildConfigurationList = 34D07C111CA5CBCC0056B07C /* Build configuration list for PBXProject "GitHubSpy" */;
			compatibilityVersion = "Xcode 3.2";
			developmentRegion = English;
			hasScannedForEncodings = 0;
			knownRegions = (
				en,
				Base,
				"pt-BR",
			);
			mainGroup = 34D07C0D1CA5CBCC0056B07C;
			productRefGroup = 34D07C171CA5CBCC0056B07C /* Products */;
			projectDirPath = "";
			projectRoot = "";
			targets = (
				34D07C151CA5CBCC0056B07C /* GitHubSpy */,
				34D07C2C1CA5CBCC0056B07C /* GitHubSpyTests */,
				34D07C371CA5CBCC0056B07C /* GitHubSpyUITests */,
			);
		};
/* End PBXProject section */

/* Begin PBXResourcesBuildPhase section */
		34D07C141CA5CBCC0056B07C /* Resources */ = {
			isa = PBXResourcesBuildPhase;
			buildActionMask = 2147483647;
			files = (
				34D07CE51CA6ED9B0056B07C /* AuthorInfoView.xib in Resources */,
				34D07C271CA5CBCC0056B07C /* LaunchScreen.storyboard in Resources */,
				34D07CD11CA6396A0056B07C /* Localizable.strings in Resources */,
				34D07C241CA5CBCC0056B07C /* Assets.xcassets in Resources */,
				34D07C1F1CA5CBCC0056B07C /* Main.storyboard in Resources */,
				34D07D0B1CA8E4DD0056B07C /* AuthorInfoViewHorizontal.xib in Resources */,
			);
			runOnlyForDeploymentPostprocessing = 0;
		};
		34D07C2B1CA5CBCC0056B07C /* Resources */ = {
			isa = PBXResourcesBuildPhase;
			buildActionMask = 2147483647;
			files = (
				34BC4D171CB1AD2E0013A028 /* default-avatar.png in Resources */,
			);
			runOnlyForDeploymentPostprocessing = 0;
		};
		34D07C361CA5CBCC0056B07C /* Resources */ = {
			isa = PBXResourcesBuildPhase;
			buildActionMask = 2147483647;
			files = (
			);
			runOnlyForDeploymentPostprocessing = 0;
		};
/* End PBXResourcesBuildPhase section */

/* Begin PBXShellScriptBuildPhase section */
		1CAC0FA98567AFED5C420C58 /* Check Pods Manifest.lock */ = {
			isa = PBXShellScriptBuildPhase;
			buildActionMask = 2147483647;
			files = (
			);
			inputPaths = (
			);
			name = "Check Pods Manifest.lock";
			outputPaths = (
			);
			runOnlyForDeploymentPostprocessing = 0;
			shellPath = /bin/sh;
			shellScript = "diff \"${PODS_ROOT}/../Podfile.lock\" \"${PODS_ROOT}/Manifest.lock\" > /dev/null\nif [[ $? != 0 ]] ; then\n    cat << EOM\nerror: The sandbox is not in sync with the Podfile.lock. Run 'pod install' or update your CocoaPods installation.\nEOM\n    exit 1\nfi\n";
			showEnvVarsInLog = 0;
		};
		54C41A1E1A8C4E3D41104C60 /* Embed Pods Frameworks */ = {
			isa = PBXShellScriptBuildPhase;
			buildActionMask = 2147483647;
			files = (
			);
			inputPaths = (
			);
			name = "Embed Pods Frameworks";
			outputPaths = (
			);
			runOnlyForDeploymentPostprocessing = 0;
			shellPath = /bin/sh;
			shellScript = "\"${SRCROOT}/Pods/Target Support Files/Pods-GitHubSpy/Pods-GitHubSpy-frameworks.sh\"\n";
			showEnvVarsInLog = 0;
		};
		E83578EEBF9951138DB8F014 /* Copy Pods Resources */ = {
			isa = PBXShellScriptBuildPhase;
			buildActionMask = 2147483647;
			files = (
			);
			inputPaths = (
			);
			name = "Copy Pods Resources";
			outputPaths = (
			);
			runOnlyForDeploymentPostprocessing = 0;
			shellPath = /bin/sh;
			shellScript = "\"${SRCROOT}/Pods/Target Support Files/Pods-GitHubSpy/Pods-GitHubSpy-resources.sh\"\n";
			showEnvVarsInLog = 0;
		};
/* End PBXShellScriptBuildPhase section */

/* Begin PBXSourcesBuildPhase section */
		34D07C121CA5CBCC0056B07C /* Sources */ = {
			isa = PBXSourcesBuildPhase;
			buildActionMask = 2147483647;
			files = (
				34D07CFE1CA88F5F0056B07C /* Repository.swift in Sources */,
				34D07C691CA5EAFA0056B07C /* AppContextAwareProtocol.swift in Sources */,
				34D07D0F1CA8EEE20056B07C /* PullRequestListTableViewControllerJsonExtension.swift in Sources */,
				34D07CF41CA77D390056B07C /* Routes.swift in Sources */,
				BBAFFB6C1CAC5156003B5EDE /* EntityBaseSyncRules+CoreDataProperties.swift in Sources */,
				34D07C221CA5CBCC0056B07C /* GitHubSpy.xcdatamodeld in Sources */,
				34D07C681CA5EAFA0056B07C /* AppContext.swift in Sources */,
				34D07CF61CA8727A0056B07C /* ViewControllerManager.swift in Sources */,
				34D07CB81CA60F260056B07C /* TableViewCellPresenter.swift in Sources */,
				34D07CFB1CA8874B0056B07C /* GitHubApiClient.swift in Sources */,
				34D07C6C1CA5EAFA0056B07C /* BaseTableViewController.swift in Sources */,
				BBAFFB6D1CAC5156003B5EDE /* EntityBaseSyncRules.swift in Sources */,
				34D07D0A1CA8E4DD0056B07C /* AuthorInfoViewHorizontal.swift in Sources */,
				34D07C761CA5EF150056B07C /* FetcherDataSource.swift in Sources */,
				BBAFFB701CAC5156003B5EDE /* EntityHourlySyncRule+CoreDataProperties.swift in Sources */,
				34D07CF81CA877C60056B07C /* RoutingElement.swift in Sources */,
				BBAFFB4F1CAC39DA003B5EDE /* DataSyncRules.swift in Sources */,
				BBAFFB341CAC1F64003B5EDE /* BaseDataBasedViewController.swift in Sources */,
				BBAFFB4D1CAC39B9003B5EDE /* DataSyncRules.xcdatamodeld in Sources */,
				34D07C6B1CA5EAFA0056B07C /* CoreDataStack.swift in Sources */,
				34D07CBB1CA61ED40056B07C /* Logger.swift in Sources */,
				BBAFFB731CAC5156003B5EDE /* EntitySyncHistory.swift in Sources */,
				340948FB1CB9538D009882BB /* TryCatchFinally.m in Sources */,
				34D07C6D1CA5EAFA0056B07C /* BaseViewController.swift in Sources */,
				34D07CEE1CA727020056B07C /* NSObjectExtensions.swift in Sources */,
				34D07CE31CA6ED4F0056B07C /* AuthorInfoView.swift in Sources */,
				BBAFFB6F1CAC5156003B5EDE /* EntityDailySyncRule.swift in Sources */,
				34D07CDA1CA63D320056B07C /* PullRequestTableViewCell.swift in Sources */,
				34D07C6A1CA5EAFA0056B07C /* NavigationRouter.swift in Sources */,
				BBAFFB721CAC5156003B5EDE /* EntitySyncHistory+CoreDataProperties.swift in Sources */,
				34D07D001CA88F700056B07C /* PullRequest.swift in Sources */,
				BBAFFB6E1CAC5156003B5EDE /* EntityDailySyncRule+CoreDataProperties.swift in Sources */,
				34D07CC01CA629810056B07C /* RepositoryListTableViewController.swift in Sources */,
				34D07D0D1CA8EEC10056B07C /* RepositoryListTableViewControllerJsonExtension.swift in Sources */,
				34D07CE81CA724300056B07C /* ViewComponent.swift in Sources */,
				BBAFFB711CAC5156003B5EDE /* EntityHourlySyncRule.swift in Sources */,
				34D07CCE1CA635010056B07C /* EntityPullRequest.swift in Sources */,
				34D07CCB1CA635010056B07C /* EntityRepository+CoreDataProperties.swift in Sources */,
				34D07CCD1CA635010056B07C /* EntityPullRequest+CoreDataProperties.swift in Sources */,
				34D07CC21CA629AE0056B07C /* PullRequestListTableViewController.swift in Sources */,
				34D07CDF1CA6D1690056B07C /* NSManagedObjectExtension.swift in Sources */,
				34D07CDC1CA63D550056B07C /* RepositoryTableViewCell.swift in Sources */,
				34D07CCF1CA635010056B07C /* EntityAuthor+CoreDataProperties.swift in Sources */,
				34D07CD01CA635010056B07C /* EntityAuthor.swift in Sources */,
				34D07CCC1CA635010056B07C /* EntityRepository.swift in Sources */,
				34D07CF11CA7777B0056B07C /* TableViewBlockDelegate.swift in Sources */,
				34D07C1A1CA5CBCC0056B07C /* AppDelegate.swift in Sources */,
				34D07D071CA8D9840056B07C /* UIViewControllerImageExtension.swift in Sources */,
				34D07D051CA8D68C0056B07C /* UIImageExtensions.swift in Sources */,
			);
			runOnlyForDeploymentPostprocessing = 0;
		};
		34D07C291CA5CBCC0056B07C /* Sources */ = {
			isa = PBXSourcesBuildPhase;
			buildActionMask = 2147483647;
			files = (
				34F805C51CB58D9600289E11 /* AppContextAwareProtocol.swift in Sources */,
				34F805C61CB58D9600289E11 /* AppContext.swift in Sources */,
				34F805C71CB58D9600289E11 /* EntitySyncHistory+CoreDataProperties.swift in Sources */,
				34F805C81CB58D9600289E11 /* EntitySyncHistory.swift in Sources */,
				34F805C91CB58D9600289E11 /* EntityBaseSyncRules+CoreDataProperties.swift in Sources */,
				34F805CA1CB58D9600289E11 /* EntityBaseSyncRules.swift in Sources */,
				34F805CB1CB58D9600289E11 /* EntityDailySyncRule+CoreDataProperties.swift in Sources */,
				34F805CC1CB58D9600289E11 /* EntityDailySyncRule.swift in Sources */,
				34F805CD1CB58D9600289E11 /* EntityHourlySyncRule+CoreDataProperties.swift in Sources */,
				34F805CE1CB58D9600289E11 /* EntityHourlySyncRule.swift in Sources */,
				34F805CF1CB58D9600289E11 /* DataSyncRules.xcdatamodeld in Sources */,
				34F805D01CB58D9600289E11 /* DataSyncRules.swift in Sources */,
				34F805D11CB58D9600289E11 /* RoutingElement.swift in Sources */,
				34F805D21CB58D9600289E11 /* NavigationRouter.swift in Sources */,
				34F805D31CB58D9600289E11 /* NSObjectExtensions.swift in Sources */,
				34F805D41CB58D9600289E11 /* UIImageExtensions.swift in Sources */,
				34F805D51CB58D9600289E11 /* UIViewControllerImageExtension.swift in Sources */,
				34F805D61CB58D9600289E11 /* Logger.swift in Sources */,
				34F805D71CB58D9600289E11 /* CoreDataStack.swift in Sources */,
				34F805D81CB58D9600289E11 /* FetcherDataSource.swift in Sources */,
				34F805D91CB58D9600289E11 /* TableViewCellPresenter.swift in Sources */,
				34F805DA1CB58D9600289E11 /* TableViewBlockDelegate.swift in Sources */,
				34F805DB1CB58D9600289E11 /* ViewComponent.swift in Sources */,
				34F805DC1CB58D9600289E11 /* BaseDataBasedViewController.swift in Sources */,
				34F805DD1CB58D9600289E11 /* BaseViewController.swift in Sources */,
				34F805B51CB5874F00289E11 /* BaseTableViewController.swift in Sources */,
			);
			runOnlyForDeploymentPostprocessing = 0;
		};
		34D07C341CA5CBCC0056B07C /* Sources */ = {
			isa = PBXSourcesBuildPhase;
			buildActionMask = 2147483647;
			files = (
				34D07C3D1CA5CBCC0056B07C /* GitHubSpyUITests.swift in Sources */,
			);
			runOnlyForDeploymentPostprocessing = 0;
		};
/* End PBXSourcesBuildPhase section */

/* Begin PBXTargetDependency section */
		34D07C2F1CA5CBCC0056B07C /* PBXTargetDependency */ = {
			isa = PBXTargetDependency;
			target = 34D07C151CA5CBCC0056B07C /* GitHubSpy */;
			targetProxy = 34D07C2E1CA5CBCC0056B07C /* PBXContainerItemProxy */;
		};
		34D07C3A1CA5CBCC0056B07C /* PBXTargetDependency */ = {
			isa = PBXTargetDependency;
			target = 34D07C151CA5CBCC0056B07C /* GitHubSpy */;
			targetProxy = 34D07C391CA5CBCC0056B07C /* PBXContainerItemProxy */;
		};
/* End PBXTargetDependency section */

/* Begin PBXVariantGroup section */
		34D07C1D1CA5CBCC0056B07C /* Main.storyboard */ = {
			isa = PBXVariantGroup;
			children = (
				34D07C1E1CA5CBCC0056B07C /* Base */,
			);
			name = Main.storyboard;
			sourceTree = "<group>";
		};
		34D07C251CA5CBCC0056B07C /* LaunchScreen.storyboard */ = {
			isa = PBXVariantGroup;
			children = (
				34D07C261CA5CBCC0056B07C /* Base */,
			);
			name = LaunchScreen.storyboard;
			sourceTree = "<group>";
		};
		34D07CD31CA6396A0056B07C /* Localizable.strings */ = {
			isa = PBXVariantGroup;
			children = (
				34D07CD21CA6396A0056B07C /* en */,
				34D07CD41CA6397C0056B07C /* pt-BR */,
			);
			name = Localizable.strings;
			sourceTree = "<group>";
		};
/* End PBXVariantGroup section */

/* Begin XCBuildConfiguration section */
		34D07C3F1CA5CBCC0056B07C /* Debug */ = {
			isa = XCBuildConfiguration;
			buildSettings = {
				ALWAYS_SEARCH_USER_PATHS = NO;
				CLANG_CXX_LANGUAGE_STANDARD = "gnu++0x";
				CLANG_CXX_LIBRARY = "libc++";
				CLANG_ENABLE_MODULES = YES;
				CLANG_ENABLE_OBJC_ARC = YES;
				CLANG_WARN_BOOL_CONVERSION = YES;
				CLANG_WARN_CONSTANT_CONVERSION = YES;
				CLANG_WARN_DIRECT_OBJC_ISA_USAGE = YES_ERROR;
				CLANG_WARN_EMPTY_BODY = YES;
				CLANG_WARN_ENUM_CONVERSION = YES;
				CLANG_WARN_INT_CONVERSION = YES;
				CLANG_WARN_OBJC_ROOT_CLASS = YES_ERROR;
				CLANG_WARN_UNREACHABLE_CODE = YES;
				CLANG_WARN__DUPLICATE_METHOD_MATCH = YES;
				"CODE_SIGN_IDENTITY[sdk=iphoneos*]" = "iPhone Developer";
				COPY_PHASE_STRIP = NO;
				DEBUG_INFORMATION_FORMAT = dwarf;
				ENABLE_STRICT_OBJC_MSGSEND = YES;
				ENABLE_TESTABILITY = YES;
				GCC_C_LANGUAGE_STANDARD = gnu99;
				GCC_DYNAMIC_NO_PIC = NO;
				GCC_NO_COMMON_BLOCKS = YES;
				GCC_OPTIMIZATION_LEVEL = 0;
				GCC_PREPROCESSOR_DEFINITIONS = (
					"DEBUG=1",
					"$(inherited)",
				);
				GCC_WARN_64_TO_32_BIT_CONVERSION = YES;
				GCC_WARN_ABOUT_RETURN_TYPE = YES_ERROR;
				GCC_WARN_UNDECLARED_SELECTOR = YES;
				GCC_WARN_UNINITIALIZED_AUTOS = YES_AGGRESSIVE;
				GCC_WARN_UNUSED_FUNCTION = YES;
				GCC_WARN_UNUSED_VARIABLE = YES;
				IPHONEOS_DEPLOYMENT_TARGET = 9.2;
				MTL_ENABLE_DEBUG_INFO = YES;
				ONLY_ACTIVE_ARCH = YES;
				SDKROOT = iphoneos;
				SWIFT_OPTIMIZATION_LEVEL = "-Onone";
				TARGETED_DEVICE_FAMILY = "1,2";
			};
			name = Debug;
		};
		34D07C401CA5CBCC0056B07C /* Release */ = {
			isa = XCBuildConfiguration;
			buildSettings = {
				ALWAYS_SEARCH_USER_PATHS = NO;
				CLANG_CXX_LANGUAGE_STANDARD = "gnu++0x";
				CLANG_CXX_LIBRARY = "libc++";
				CLANG_ENABLE_MODULES = YES;
				CLANG_ENABLE_OBJC_ARC = YES;
				CLANG_WARN_BOOL_CONVERSION = YES;
				CLANG_WARN_CONSTANT_CONVERSION = YES;
				CLANG_WARN_DIRECT_OBJC_ISA_USAGE = YES_ERROR;
				CLANG_WARN_EMPTY_BODY = YES;
				CLANG_WARN_ENUM_CONVERSION = YES;
				CLANG_WARN_INT_CONVERSION = YES;
				CLANG_WARN_OBJC_ROOT_CLASS = YES_ERROR;
				CLANG_WARN_UNREACHABLE_CODE = YES;
				CLANG_WARN__DUPLICATE_METHOD_MATCH = YES;
				"CODE_SIGN_IDENTITY[sdk=iphoneos*]" = "iPhone Developer";
				COPY_PHASE_STRIP = NO;
				DEBUG_INFORMATION_FORMAT = "dwarf-with-dsym";
				ENABLE_NS_ASSERTIONS = NO;
				ENABLE_STRICT_OBJC_MSGSEND = YES;
				GCC_C_LANGUAGE_STANDARD = gnu99;
				GCC_NO_COMMON_BLOCKS = YES;
				GCC_WARN_64_TO_32_BIT_CONVERSION = YES;
				GCC_WARN_ABOUT_RETURN_TYPE = YES_ERROR;
				GCC_WARN_UNDECLARED_SELECTOR = YES;
				GCC_WARN_UNINITIALIZED_AUTOS = YES_AGGRESSIVE;
				GCC_WARN_UNUSED_FUNCTION = YES;
				GCC_WARN_UNUSED_VARIABLE = YES;
				IPHONEOS_DEPLOYMENT_TARGET = 9.2;
				MTL_ENABLE_DEBUG_INFO = NO;
				SDKROOT = iphoneos;
				TARGETED_DEVICE_FAMILY = "1,2";
				VALIDATE_PRODUCT = YES;
			};
			name = Release;
		};
		34D07C421CA5CBCC0056B07C /* Debug */ = {
			isa = XCBuildConfiguration;
			baseConfigurationReference = 5D8CFB9BC8B40BFFC3249912 /* Pods-GitHubSpy.debug.xcconfig */;
			buildSettings = {
				ASSETCATALOG_COMPILER_APPICON_NAME = AppIcon;
				CLANG_ENABLE_MODULES = YES;
				INFOPLIST_FILE = GitHubSpy/Info.plist;
				LD_RUNPATH_SEARCH_PATHS = "$(inherited) @executable_path/Frameworks";
				PRODUCT_BUNDLE_IDENTIFIER = com.inacioferrarini.concrete.GitHubSpy;
				PRODUCT_NAME = "$(TARGET_NAME)";
				SWIFT_OBJC_BRIDGING_HEADER = "GitHubSpy/GitHubSpy-Bridging-Header.h";
				SWIFT_OPTIMIZATION_LEVEL = "-Onone";
			};
			name = Debug;
		};
		34D07C431CA5CBCC0056B07C /* Release */ = {
			isa = XCBuildConfiguration;
			baseConfigurationReference = A4206F7B4AE948490299D761 /* Pods-GitHubSpy.release.xcconfig */;
			buildSettings = {
				ASSETCATALOG_COMPILER_APPICON_NAME = AppIcon;
				CLANG_ENABLE_MODULES = YES;
				INFOPLIST_FILE = GitHubSpy/Info.plist;
				LD_RUNPATH_SEARCH_PATHS = "$(inherited) @executable_path/Frameworks";
				PRODUCT_BUNDLE_IDENTIFIER = com.inacioferrarini.concrete.GitHubSpy;
				PRODUCT_NAME = "$(TARGET_NAME)";
				SWIFT_OBJC_BRIDGING_HEADER = "GitHubSpy/GitHubSpy-Bridging-Header.h";
			};
			name = Release;
		};
		34D07C451CA5CBCC0056B07C /* Debug */ = {
			isa = XCBuildConfiguration;
			buildSettings = {
				BUNDLE_LOADER = "$(TEST_HOST)";
				CLANG_ENABLE_MODULES = YES;
				INFOPLIST_FILE = GitHubSpyTests/Info.plist;
				LD_RUNPATH_SEARCH_PATHS = "$(inherited) @executable_path/Frameworks @loader_path/Frameworks";
				PRODUCT_BUNDLE_IDENTIFIER = com.inacioferrarini.concrete.GitHubSpyTests;
				PRODUCT_NAME = "$(TARGET_NAME)";
				SWIFT_OBJC_BRIDGING_HEADER = "GitHubSpyTests/GitHubSpyTests-Bridging-Header.h";
				SWIFT_OPTIMIZATION_LEVEL = "-Onone";
				TEST_HOST = "$(BUILT_PRODUCTS_DIR)/GitHubSpy.app/GitHubSpy";
			};
			name = Debug;
		};
		34D07C461CA5CBCC0056B07C /* Release */ = {
			isa = XCBuildConfiguration;
			buildSettings = {
				BUNDLE_LOADER = "$(TEST_HOST)";
				CLANG_ENABLE_MODULES = YES;
				INFOPLIST_FILE = GitHubSpyTests/Info.plist;
				LD_RUNPATH_SEARCH_PATHS = "$(inherited) @executable_path/Frameworks @loader_path/Frameworks";
				PRODUCT_BUNDLE_IDENTIFIER = com.inacioferrarini.concrete.GitHubSpyTests;
				PRODUCT_NAME = "$(TARGET_NAME)";
				SWIFT_OBJC_BRIDGING_HEADER = "GitHubSpyTests/GitHubSpyTests-Bridging-Header.h";
				TEST_HOST = "$(BUILT_PRODUCTS_DIR)/GitHubSpy.app/GitHubSpy";
			};
			name = Release;
		};
		34D07C481CA5CBCC0056B07C /* Debug */ = {
			isa = XCBuildConfiguration;
			buildSettings = {
				INFOPLIST_FILE = GitHubSpyUITests/Info.plist;
				LD_RUNPATH_SEARCH_PATHS = "$(inherited) @executable_path/Frameworks @loader_path/Frameworks";
				PRODUCT_BUNDLE_IDENTIFIER = com.inacioferrarini.concrete.GitHubSpyUITests;
				PRODUCT_NAME = "$(TARGET_NAME)";
				TEST_TARGET_NAME = GitHubSpy;
				USES_XCTRUNNER = YES;
			};
			name = Debug;
		};
		34D07C491CA5CBCC0056B07C /* Release */ = {
			isa = XCBuildConfiguration;
			buildSettings = {
				INFOPLIST_FILE = GitHubSpyUITests/Info.plist;
				LD_RUNPATH_SEARCH_PATHS = "$(inherited) @executable_path/Frameworks @loader_path/Frameworks";
				PRODUCT_BUNDLE_IDENTIFIER = com.inacioferrarini.concrete.GitHubSpyUITests;
				PRODUCT_NAME = "$(TARGET_NAME)";
				TEST_TARGET_NAME = GitHubSpy;
				USES_XCTRUNNER = YES;
			};
			name = Release;
		};
/* End XCBuildConfiguration section */

/* Begin XCConfigurationList section */
		34D07C111CA5CBCC0056B07C /* Build configuration list for PBXProject "GitHubSpy" */ = {
			isa = XCConfigurationList;
			buildConfigurations = (
				34D07C3F1CA5CBCC0056B07C /* Debug */,
				34D07C401CA5CBCC0056B07C /* Release */,
			);
			defaultConfigurationIsVisible = 0;
			defaultConfigurationName = Release;
		};
		34D07C411CA5CBCC0056B07C /* Build configuration list for PBXNativeTarget "GitHubSpy" */ = {
			isa = XCConfigurationList;
			buildConfigurations = (
				34D07C421CA5CBCC0056B07C /* Debug */,
				34D07C431CA5CBCC0056B07C /* Release */,
			);
			defaultConfigurationIsVisible = 0;
			defaultConfigurationName = Release;
		};
		34D07C441CA5CBCC0056B07C /* Build configuration list for PBXNativeTarget "GitHubSpyTests" */ = {
			isa = XCConfigurationList;
			buildConfigurations = (
				34D07C451CA5CBCC0056B07C /* Debug */,
				34D07C461CA5CBCC0056B07C /* Release */,
			);
			defaultConfigurationIsVisible = 0;
			defaultConfigurationName = Release;
		};
		34D07C471CA5CBCC0056B07C /* Build configuration list for PBXNativeTarget "GitHubSpyUITests" */ = {
			isa = XCConfigurationList;
			buildConfigurations = (
				34D07C481CA5CBCC0056B07C /* Debug */,
				34D07C491CA5CBCC0056B07C /* Release */,
			);
			defaultConfigurationIsVisible = 0;
			defaultConfigurationName = Release;
		};
/* End XCConfigurationList section */

/* Begin XCVersionGroup section */
		34D07C201CA5CBCC0056B07C /* GitHubSpy.xcdatamodeld */ = {
			isa = XCVersionGroup;
			children = (
				34D07C211CA5CBCC0056B07C /* GitHubSpy.xcdatamodel */,
			);
			currentVersion = 34D07C211CA5CBCC0056B07C /* GitHubSpy.xcdatamodel */;
			path = GitHubSpy.xcdatamodeld;
			sourceTree = "<group>";
			versionGroupType = wrapper.xcdatamodel;
		};
		BBAFFB4B1CAC39B9003B5EDE /* DataSyncRules.xcdatamodeld */ = {
			isa = XCVersionGroup;
			children = (
				BBAFFB4C1CAC39B9003B5EDE /* DataSyncRules.xcdatamodel */,
			);
			currentVersion = BBAFFB4C1CAC39B9003B5EDE /* DataSyncRules.xcdatamodel */;
			path = DataSyncRules.xcdatamodeld;
			sourceTree = "<group>";
			versionGroupType = wrapper.xcdatamodel;
		};
/* End XCVersionGroup section */
	};
	rootObject = 34D07C0E1CA5CBCC0056B07C /* Project object */;
}
